
Microsoft Visual Studio Solution File, Format Version 12.00
# Visual Studio Version 16
VisualStudioVersion = 16.0.29911.84
MinimumVisualStudioVersion = 10.0.40219.1
Project("{9A19103F-16F7-4668-BE54-9A1E7A4F7556}") = "Accountancy", "Accountancy\Accountancy.csproj", "{AAF47E42-8451-4910-998C-43401CF21C27}"
EndProject
Project("{9A19103F-16F7-4668-BE54-9A1E7A4F7556}") = "Charging", "Charging\Charging.csproj", "{09234507-BEB2-4E31-A5C6-9ECA5F2FBB18}"
EndProject
Project("{9A19103F-16F7-4668-BE54-9A1E7A4F7556}") = "ElectricityExpenditure", "ElectricityConsumptionSubmission\ElectricityExpenditure.csproj", "{F5035FB6-493A-4FA9-9846-388FEB88EEA6}"
EndProject
Project("{9A19103F-16F7-4668-BE54-9A1E7A4F7556}") = "RabbitMq", "RabbitMq\RabbitMq.csproj", "{C14E4709-7F6C-4035-8E55-A2C22057AFCA}"
EndProject
Project("{9A19103F-16F7-4668-BE54-9A1E7A4F7556}") = "HeatExpenditure", "HeatConsumptionSubmission\HeatExpenditure.csproj", "{4CB4E9D7-41E5-4115-832B-E87B11394ABC}"
EndProject
Project("{9A19103F-16F7-4668-BE54-9A1E7A4F7556}") = "WaterExpenditure", "WaterConsumptionSubmission\WaterExpenditure.csproj", "{DDD7A55F-B9A2-4E53-8C5B-7213217ED09E}"
EndProject
Project("{9A19103F-16F7-4668-BE54-9A1E7A4F7556}") = "ExpenditureMeasurements", "ExpenditureMeasurements\ExpenditureMeasurements.csproj", "{60F7A90D-D5EF-4931-9170-E32045C6A3D1}"
EndProject
Project("{9A19103F-16F7-4668-BE54-9A1E7A4F7556}") = "StatusReporting", "StatusReporting\StatusReporting.csproj", "{05A3AE51-B7FA-4E98-8554-9ECE38E91935}"
EndProject
Global
	GlobalSection(SolutionConfigurationPlatforms) = preSolution
		Debug|Any CPU = Debug|Any CPU
		Release|Any CPU = Release|Any CPU
	EndGlobalSection
	GlobalSection(ProjectConfigurationPlatforms) = postSolution
		{AAF47E42-8451-4910-998C-43401CF21C27}.Debug|Any CPU.ActiveCfg = Debug|Any CPU
		{AAF47E42-8451-4910-998C-43401CF21C27}.Debug|Any CPU.Build.0 = Debug|Any CPU
		{AAF47E42-8451-4910-998C-43401CF21C27}.Release|Any CPU.ActiveCfg = Release|Any CPU
		{AAF47E42-8451-4910-998C-43401CF21C27}.Release|Any CPU.Build.0 = Release|Any CPU
		{09234507-BEB2-4E31-A5C6-9ECA5F2FBB18}.Debug|Any CPU.ActiveCfg = Debug|Any CPU
		{09234507-BEB2-4E31-A5C6-9ECA5F2FBB18}.Debug|Any CPU.Build.0 = Debug|Any CPU
		{09234507-BEB2-4E31-A5C6-9ECA5F2FBB18}.Release|Any CPU.ActiveCfg = Release|Any CPU
		{09234507-BEB2-4E31-A5C6-9ECA5F2FBB18}.Release|Any CPU.Build.0 = Release|Any CPU
		{F5035FB6-493A-4FA9-9846-388FEB88EEA6}.Debug|Any CPU.ActiveCfg = Debug|Any CPU
		{F5035FB6-493A-4FA9-9846-388FEB88EEA6}.Debug|Any CPU.Build.0 = Debug|Any CPU
		{F5035FB6-493A-4FA9-9846-388FEB88EEA6}.Release|Any CPU.ActiveCfg = Release|Any CPU
		{F5035FB6-493A-4FA9-9846-388FEB88EEA6}.Release|Any CPU.Build.0 = Release|Any CPU
		{C14E4709-7F6C-4035-8E55-A2C22057AFCA}.Debug|Any CPU.ActiveCfg = Debug|Any CPU
		{C14E4709-7F6C-4035-8E55-A2C22057AFCA}.Debug|Any CPU.Build.0 = Debug|Any CPU
		{C14E4709-7F6C-4035-8E55-A2C22057AFCA}.Release|Any CPU.ActiveCfg = Release|Any CPU
		{C14E4709-7F6C-4035-8E55-A2C22057AFCA}.Release|Any CPU.Build.0 = Release|Any CPU
		{4CB4E9D7-41E5-4115-832B-E87B11394ABC}.Debug|Any CPU.ActiveCfg = Debug|Any CPU
		{4CB4E9D7-41E5-4115-832B-E87B11394ABC}.Debug|Any CPU.Build.0 = Debug|Any CPU
		{4CB4E9D7-41E5-4115-832B-E87B11394ABC}.Release|Any CPU.ActiveCfg = Release|Any CPU
		{4CB4E9D7-41E5-4115-832B-E87B11394ABC}.Release|Any CPU.Build.0 = Release|Any CPU
		{DDD7A55F-B9A2-4E53-8C5B-7213217ED09E}.Debug|Any CPU.ActiveCfg = Debug|Any CPU
		{DDD7A55F-B9A2-4E53-8C5B-7213217ED09E}.Debug|Any CPU.Build.0 = Debug|Any CPU
		{DDD7A55F-B9A2-4E53-8C5B-7213217ED09E}.Release|Any CPU.ActiveCfg = Release|Any CPU
		{DDD7A55F-B9A2-4E53-8C5B-7213217ED09E}.Release|Any CPU.Build.0 = Release|Any CPU
		{60F7A90D-D5EF-4931-9170-E32045C6A3D1}.Debug|Any CPU.ActiveCfg = Debug|Any CPU
		{60F7A90D-D5EF-4931-9170-E32045C6A3D1}.Debug|Any CPU.Build.0 = Debug|Any CPU
		{60F7A90D-D5EF-4931-9170-E32045C6A3D1}.Release|Any CPU.ActiveCfg = Release|Any CPU
		{60F7A90D-D5EF-4931-9170-E32045C6A3D1}.Release|Any CPU.Build.0 = Release|Any CPU
		{05A3AE51-B7FA-4E98-8554-9ECE38E91935}.Debug|Any CPU.ActiveCfg = Debug|Any CPU
		{05A3AE51-B7FA-4E98-8554-9ECE38E91935}.Debug|Any CPU.Build.0 = Debug|Any CPU
		{05A3AE51-B7FA-4E98-8554-9ECE38E91935}.Release|Any CPU.ActiveCfg = Release|Any CPU
		{05A3AE51-B7FA-4E98-8554-9ECE38E91935}.Release|Any CPU.Build.0 = Release|Any CPU
	EndGlobalSection
	GlobalSection(SolutionProperties) = preSolution
		HideSolutionNode = FALSE
	EndGlobalSection
	GlobalSection(ExtensibilityGlobals) = postSolution
		SolutionGuid = {9C96FA93-2B7D-4A92-8D07-2E3FEFF42704}
	EndGlobalSection
EndGlobal
